
Microsoft Visual Studio Solution File, Format Version 12.00
Project("{FAE04EC0-301F-11D3-BF4B-00C04F79EFBC}") = "AoC.2020", "AoC.2020\AoC.2020.csproj", "{43D35AB4-4D1B-4BCE-938C-B2AABD337E6D}"
EndProject
Project("{FAE04EC0-301F-11D3-BF4B-00C04F79EFBC}") = "AoC.UnitTests", "AoC.UnitTests\AoC.UnitTests.csproj", "{21B6EEDD-15C1-489D-BA30-073C2AFCBC8D}"
EndProject
Global
	GlobalSection(SolutionConfigurationPlatforms) = preSolution
		Debug|Any CPU = Debug|Any CPU
		Release|Any CPU = Release|Any CPU
	EndGlobalSection
	GlobalSection(ProjectConfigurationPlatforms) = postSolution
		{43D35AB4-4D1B-4BCE-938C-B2AABD337E6D}.Debug|Any CPU.ActiveCfg = Debug|Any CPU
		{43D35AB4-4D1B-4BCE-938C-B2AABD337E6D}.Debug|Any CPU.Build.0 = Debug|Any CPU
		{43D35AB4-4D1B-4BCE-938C-B2AABD337E6D}.Release|Any CPU.ActiveCfg = Release|Any CPU
		{43D35AB4-4D1B-4BCE-938C-B2AABD337E6D}.Release|Any CPU.Build.0 = Release|Any CPU
		{21B6EEDD-15C1-489D-BA30-073C2AFCBC8D}.Debug|Any CPU.ActiveCfg = Debug|Any CPU
		{21B6EEDD-15C1-489D-BA30-073C2AFCBC8D}.Debug|Any CPU.Build.0 = Debug|Any CPU
		{21B6EEDD-15C1-489D-BA30-073C2AFCBC8D}.Release|Any CPU.ActiveCfg = Release|Any CPU
		{21B6EEDD-15C1-489D-BA30-073C2AFCBC8D}.Release|Any CPU.Build.0 = Release|Any CPU
	EndGlobalSection
EndGlobal
