
Microsoft Visual Studio Solution File, Format Version 12.00
Project("{FAE04EC0-301F-11D3-BF4B-00C04F79EFBC}") = "AoC.2020", "AoC.2020\AoC.2020.csproj", "{43D35AB4-4D1B-4BCE-938C-B2AABD337E6D}"
EndProject
Project("{FAE04EC0-301F-11D3-BF4B-00C04F79EFBC}") = "AoC.UnitTests", "AoC.UnitTests\AoC.UnitTests.csproj", "{21B6EEDD-15C1-489D-BA30-073C2AFCBC8D}"
EndProject
Project("{FAE04EC0-301F-11D3-BF4B-00C04F79EFBC}") = "AoC.2021", "AoC.2021\AoC.2021.csproj", "{04E92B6B-3085-430D-8568-C5059C4A2B60}"
EndProject
Project("{FAE04EC0-301F-11D3-BF4B-00C04F79EFBC}") = "AoC.Common", "AoC.Common\AoC.Common.csproj", "{5D7044F8-97DA-46C4-9003-AB2A526ACD8C}"
EndProject
Project("{FAE04EC0-301F-11D3-BF4B-00C04F79EFBC}") = "AoC.2022", "AoC.2022\AoC.2022.csproj", "{DB454A11-E664-4CED-9234-1C3299CF0A2B}"
EndProject
Project("{FAE04EC0-301F-11D3-BF4B-00C04F79EFBC}") = "AoC.2023", "AoC.2023\AoC.2023.csproj", "{D5BB8EDF-A299-4A5E-B4C6-7ACD4CFC2EA4}"
EndProject
Global
	GlobalSection(SolutionConfigurationPlatforms) = preSolution
		Debug|Any CPU = Debug|Any CPU
		Release|Any CPU = Release|Any CPU
	EndGlobalSection
	GlobalSection(ProjectConfigurationPlatforms) = postSolution
		{43D35AB4-4D1B-4BCE-938C-B2AABD337E6D}.Debug|Any CPU.ActiveCfg = Debug|Any CPU
		{43D35AB4-4D1B-4BCE-938C-B2AABD337E6D}.Debug|Any CPU.Build.0 = Debug|Any CPU
		{43D35AB4-4D1B-4BCE-938C-B2AABD337E6D}.Release|Any CPU.ActiveCfg = Release|Any CPU
		{43D35AB4-4D1B-4BCE-938C-B2AABD337E6D}.Release|Any CPU.Build.0 = Release|Any CPU
		{21B6EEDD-15C1-489D-BA30-073C2AFCBC8D}.Debug|Any CPU.ActiveCfg = Debug|Any CPU
		{21B6EEDD-15C1-489D-BA30-073C2AFCBC8D}.Debug|Any CPU.Build.0 = Debug|Any CPU
		{21B6EEDD-15C1-489D-BA30-073C2AFCBC8D}.Release|Any CPU.ActiveCfg = Release|Any CPU
		{21B6EEDD-15C1-489D-BA30-073C2AFCBC8D}.Release|Any CPU.Build.0 = Release|Any CPU
		{04E92B6B-3085-430D-8568-C5059C4A2B60}.Debug|Any CPU.ActiveCfg = Debug|Any CPU
		{04E92B6B-3085-430D-8568-C5059C4A2B60}.Debug|Any CPU.Build.0 = Debug|Any CPU
		{04E92B6B-3085-430D-8568-C5059C4A2B60}.Release|Any CPU.ActiveCfg = Release|Any CPU
		{04E92B6B-3085-430D-8568-C5059C4A2B60}.Release|Any CPU.Build.0 = Release|Any CPU
		{5D7044F8-97DA-46C4-9003-AB2A526ACD8C}.Debug|Any CPU.ActiveCfg = Debug|Any CPU
		{5D7044F8-97DA-46C4-9003-AB2A526ACD8C}.Debug|Any CPU.Build.0 = Debug|Any CPU
		{5D7044F8-97DA-46C4-9003-AB2A526ACD8C}.Release|Any CPU.ActiveCfg = Release|Any CPU
		{5D7044F8-97DA-46C4-9003-AB2A526ACD8C}.Release|Any CPU.Build.0 = Release|Any CPU
		{DB454A11-E664-4CED-9234-1C3299CF0A2B}.Debug|Any CPU.ActiveCfg = Debug|Any CPU
		{DB454A11-E664-4CED-9234-1C3299CF0A2B}.Debug|Any CPU.Build.0 = Debug|Any CPU
		{DB454A11-E664-4CED-9234-1C3299CF0A2B}.Release|Any CPU.ActiveCfg = Release|Any CPU
		{DB454A11-E664-4CED-9234-1C3299CF0A2B}.Release|Any CPU.Build.0 = Release|Any CPU
		{D5BB8EDF-A299-4A5E-B4C6-7ACD4CFC2EA4}.Debug|Any CPU.ActiveCfg = Debug|Any CPU
		{D5BB8EDF-A299-4A5E-B4C6-7ACD4CFC2EA4}.Debug|Any CPU.Build.0 = Debug|Any CPU
		{D5BB8EDF-A299-4A5E-B4C6-7ACD4CFC2EA4}.Release|Any CPU.ActiveCfg = Release|Any CPU
		{D5BB8EDF-A299-4A5E-B4C6-7ACD4CFC2EA4}.Release|Any CPU.Build.0 = Release|Any CPU
	EndGlobalSection
EndGlobal
